{
  "name": "catalog",
  "version": "0.1.0",
  "lockfileVersion": 1,
  "requires": true,
  "dependencies": {
    "Slidebars": {
      "version": "2.0.0",
      "resolved": "https://registry.npmjs.org/Slidebars/-/Slidebars-2.0.0.tgz",
      "integrity": "sha1-6Wz7l9ZFxFeqNibt6ryl4TZfGYQ=",
      "requires": {
        "jquery": "3.3.1"
      }
    },
    "jquery": {
      "version": "3.3.1",
      "resolved": "https://registry.npmjs.org/jquery/-/jquery-3.3.1.tgz",
      "integrity": "sha512-Ubldcmxp5np52/ENotGxlLe6aGMvmF4R8S6tZjsP6Knsaxd/xp3Zrh50cG93lR6nPXyUFwzN3ZSOQI0wRJNdGg=="
    }
  }
}
